
Microsoft Visual Studio Solution File, Format Version 11.00
# Visual Studio 2010
Project("{FAE04EC0-301F-11D3-BF4B-00C04F79EFBC}") = "DR.Sleipner", "DR.Sleipner\DR.Sleipner.csproj", "{A83CDA8A-9BEC-4CB2-99D6-7A7E05BD3AEE}"
EndProject
Project("{FAE04EC0-301F-11D3-BF4B-00C04F79EFBC}") = "DR.Sleipner.Test", "DR.Sleipner.Test\DR.Sleipner.Test.csproj", "{8B03F1BB-051C-4257-A1C7-C5AE5A5F247D}"
EndProject
Project("{FAE04EC0-301F-11D3-BF4B-00C04F79EFBC}") = "DR.Sleipner.EnyimMemcachedProvider", "DR.Sleipner.EnyimMemcachedProvider\DR.Sleipner.EnyimMemcachedProvider.csproj", "{0CAE6787-8A4E-48B3-A4DE-2CC287AC464C}"
EndProject
Project("{FAE04EC0-301F-11D3-BF4B-00C04F79EFBC}") = "DR.Sleipner.EnyimMemcachedProvider.Test", "DR.Sleipner.EnyimMemcachedProvider.Test\DR.Sleipner.EnyimMemcachedProvider.Test.csproj", "{CD76005A-DE5D-4036-B5F3-877F4EB4B274}"
EndProject
Project("{FAE04EC0-301F-11D3-BF4B-00C04F79EFBC}") = "DR.Sleipner.Core", "DR.Sleipner.Core\DR.Sleipner.Core.csproj", "{DA3C41CB-72EB-4C0C-B6E3-C27186B46484}"
EndProject
Project("{2150E333-8FDC-42A3-9474-1A3956D46DE8}") = "Unit Tests", "Unit Tests", "{7628E24C-3B78-42C9-8E7B-00EAF1FB1745}"
EndProject
Project("{FAE04EC0-301F-11D3-BF4B-00C04F79EFBC}") = "DR.Sleipner.Core.Test", "DR.Sleipner.Core.Test\DR.Sleipner.Core.Test.csproj", "{57F12244-DB7A-4C5F-B947-EDD77D8107F6}"
EndProject
Project("{FAE04EC0-301F-11D3-BF4B-00C04F79EFBC}") = "DR.Sleipner.TestHelpers", "DR.Sleipner.TestHelpers\DR.Sleipner.TestHelpers.csproj", "{FEC34F86-63C3-420D-AFD3-7B96C5613B66}"
EndProject
Project("{FAE04EC0-301F-11D3-BF4B-00C04F79EFBC}") = "DR.Sleipner.Caching", "DR.Sleipner.Caching\DR.Sleipner.Caching.csproj", "{0732BAD7-1D47-455D-A86C-3AA0629FA479}"
EndProject
Project("{FAE04EC0-301F-11D3-BF4B-00C04F79EFBC}") = "DR.Sleipner.Caching.Test", "DR.Sleipner.Caching.Test\DR.Sleipner.Caching.Test.csproj", "{2BEFE972-9D10-4D53-B6AD-850A7B819AAF}"
EndProject
Global
	GlobalSection(SolutionConfigurationPlatforms) = preSolution
		Debug|Any CPU = Debug|Any CPU
		Release|Any CPU = Release|Any CPU
	EndGlobalSection
	GlobalSection(ProjectConfigurationPlatforms) = postSolution
		{A83CDA8A-9BEC-4CB2-99D6-7A7E05BD3AEE}.Debug|Any CPU.ActiveCfg = Debug|Any CPU
		{A83CDA8A-9BEC-4CB2-99D6-7A7E05BD3AEE}.Debug|Any CPU.Build.0 = Debug|Any CPU
		{A83CDA8A-9BEC-4CB2-99D6-7A7E05BD3AEE}.Release|Any CPU.ActiveCfg = Release|Any CPU
		{A83CDA8A-9BEC-4CB2-99D6-7A7E05BD3AEE}.Release|Any CPU.Build.0 = Release|Any CPU
		{8B03F1BB-051C-4257-A1C7-C5AE5A5F247D}.Debug|Any CPU.ActiveCfg = Debug|Any CPU
		{8B03F1BB-051C-4257-A1C7-C5AE5A5F247D}.Debug|Any CPU.Build.0 = Debug|Any CPU
		{8B03F1BB-051C-4257-A1C7-C5AE5A5F247D}.Release|Any CPU.ActiveCfg = Release|Any CPU
		{8B03F1BB-051C-4257-A1C7-C5AE5A5F247D}.Release|Any CPU.Build.0 = Release|Any CPU
		{0CAE6787-8A4E-48B3-A4DE-2CC287AC464C}.Debug|Any CPU.ActiveCfg = Debug|Any CPU
		{0CAE6787-8A4E-48B3-A4DE-2CC287AC464C}.Debug|Any CPU.Build.0 = Debug|Any CPU
		{0CAE6787-8A4E-48B3-A4DE-2CC287AC464C}.Release|Any CPU.ActiveCfg = Release|Any CPU
		{0CAE6787-8A4E-48B3-A4DE-2CC287AC464C}.Release|Any CPU.Build.0 = Release|Any CPU
		{CD76005A-DE5D-4036-B5F3-877F4EB4B274}.Debug|Any CPU.ActiveCfg = Debug|Any CPU
		{CD76005A-DE5D-4036-B5F3-877F4EB4B274}.Debug|Any CPU.Build.0 = Debug|Any CPU
		{CD76005A-DE5D-4036-B5F3-877F4EB4B274}.Release|Any CPU.ActiveCfg = Release|Any CPU
		{CD76005A-DE5D-4036-B5F3-877F4EB4B274}.Release|Any CPU.Build.0 = Release|Any CPU
		{DA3C41CB-72EB-4C0C-B6E3-C27186B46484}.Debug|Any CPU.ActiveCfg = Debug|Any CPU
		{DA3C41CB-72EB-4C0C-B6E3-C27186B46484}.Debug|Any CPU.Build.0 = Debug|Any CPU
		{DA3C41CB-72EB-4C0C-B6E3-C27186B46484}.Release|Any CPU.ActiveCfg = Release|Any CPU
		{DA3C41CB-72EB-4C0C-B6E3-C27186B46484}.Release|Any CPU.Build.0 = Release|Any CPU
		{57F12244-DB7A-4C5F-B947-EDD77D8107F6}.Debug|Any CPU.ActiveCfg = Debug|Any CPU
		{57F12244-DB7A-4C5F-B947-EDD77D8107F6}.Debug|Any CPU.Build.0 = Debug|Any CPU
		{57F12244-DB7A-4C5F-B947-EDD77D8107F6}.Release|Any CPU.ActiveCfg = Release|Any CPU
		{57F12244-DB7A-4C5F-B947-EDD77D8107F6}.Release|Any CPU.Build.0 = Release|Any CPU
		{FEC34F86-63C3-420D-AFD3-7B96C5613B66}.Debug|Any CPU.ActiveCfg = Debug|Any CPU
		{FEC34F86-63C3-420D-AFD3-7B96C5613B66}.Debug|Any CPU.Build.0 = Debug|Any CPU
		{FEC34F86-63C3-420D-AFD3-7B96C5613B66}.Release|Any CPU.ActiveCfg = Release|Any CPU
		{FEC34F86-63C3-420D-AFD3-7B96C5613B66}.Release|Any CPU.Build.0 = Release|Any CPU
		{0732BAD7-1D47-455D-A86C-3AA0629FA479}.Debug|Any CPU.ActiveCfg = Debug|Any CPU
		{0732BAD7-1D47-455D-A86C-3AA0629FA479}.Debug|Any CPU.Build.0 = Debug|Any CPU
		{0732BAD7-1D47-455D-A86C-3AA0629FA479}.Release|Any CPU.ActiveCfg = Release|Any CPU
		{0732BAD7-1D47-455D-A86C-3AA0629FA479}.Release|Any CPU.Build.0 = Release|Any CPU
		{2BEFE972-9D10-4D53-B6AD-850A7B819AAF}.Debug|Any CPU.ActiveCfg = Debug|Any CPU
		{2BEFE972-9D10-4D53-B6AD-850A7B819AAF}.Debug|Any CPU.Build.0 = Debug|Any CPU
		{2BEFE972-9D10-4D53-B6AD-850A7B819AAF}.Release|Any CPU.ActiveCfg = Release|Any CPU
		{2BEFE972-9D10-4D53-B6AD-850A7B819AAF}.Release|Any CPU.Build.0 = Release|Any CPU
	EndGlobalSection
	GlobalSection(SolutionProperties) = preSolution
		HideSolutionNode = FALSE
	EndGlobalSection
	GlobalSection(NestedProjects) = preSolution
		{CD76005A-DE5D-4036-B5F3-877F4EB4B274} = {7628E24C-3B78-42C9-8E7B-00EAF1FB1745}
		{8B03F1BB-051C-4257-A1C7-C5AE5A5F247D} = {7628E24C-3B78-42C9-8E7B-00EAF1FB1745}
		{57F12244-DB7A-4C5F-B947-EDD77D8107F6} = {7628E24C-3B78-42C9-8E7B-00EAF1FB1745}
		{FEC34F86-63C3-420D-AFD3-7B96C5613B66} = {7628E24C-3B78-42C9-8E7B-00EAF1FB1745}
		{2BEFE972-9D10-4D53-B6AD-850A7B819AAF} = {7628E24C-3B78-42C9-8E7B-00EAF1FB1745}
	EndGlobalSection
EndGlobal
